schema: '2.0'
stages:
  clean:
    cmd: uv run python src/clean.py
    deps:
    - path: data/raw/events.csv
      hash: md5
      md5: 431ff8b1e99f6c5ac0a423d9e37ac2a9
      size: 73240
    - path: src/clean.py
      hash: md5
      md5: de1b8892ff7daf6543b12c6520fbf2c8
      size: 565
    outs:
    - path: data/clean/events.csv
      hash: md5
      md5: b3440abeb4639368658665bf2c59337f
      size: 34973
  transform:
    cmd: uv run python src/transform.py
    deps:
    - path: data/clean/events.csv
      hash: md5
      md5: b3440abeb4639368658665bf2c59337f
      size: 34973
    - path: src/transform.py
      hash: md5
      md5: 609e09a3f5913d09c1e2ceb5ce96aac4
      size: 244
    outs:
    - path: data/transformed/events.csv
      hash: md5
      md5: d0fc43b72e429778db55ffcc605d76f1
      size: 45681
  features:
    cmd: uv run python src/features.py
    deps:
    - path: data/transformed/events.csv
      hash: md5
      md5: d0fc43b72e429778db55ffcc605d76f1
      size: 45681
    - path: src/features.py
      hash: md5
      md5: 90bc81c3891e51a35a65454b2737e2db
      size: 289
    outs:
    - path: data/features/events.csv
      hash: md5
      md5: be14592a89625e2be60ef960206324c3
      size: 67099
