schema: '2.0'
stages:
  clean:
    cmd: uv run python src/clean.py
    deps:
    - path: data/raw/events.csv
      hash: md5
      md5: 431ff8b1e99f6c5ac0a423d9e37ac2a9
      size: 73240
    - path: src/clean.py
      hash: md5
      md5: 2f326d6405be65d20dbc84677dbcdb51
      size: 425
    outs:
    - path: data/clean/events.csv
      hash: md5
      md5: b7d0cab576d1f82c5719f155503ede56
      size: 36919
  transform:
    cmd: uv run python src/transform.py
    deps:
    - path: data/clean/events.csv
      hash: md5
      md5: b7d0cab576d1f82c5719f155503ede56
      size: 36919
    - path: src/transform.py
      hash: md5
      md5: 609e09a3f5913d09c1e2ceb5ce96aac4
      size: 244
    outs:
    - path: data/transformed/events.csv
      hash: md5
      md5: 42a11db51af9d188a324f07d9def1aa3
      size: 47627
  features:
    cmd: uv run python src/features.py
    deps:
    - path: data/transformed/events.csv
      hash: md5
      md5: 42a11db51af9d188a324f07d9def1aa3
      size: 47627
    - path: src/features.py
      hash: md5
      md5: 90bc81c3891e51a35a65454b2737e2db
      size: 289
    outs:
    - path: data/features/events.csv
      hash: md5
      md5: ee520034cb6308313122f14cd653d8a5
      size: 69045
